
Microsoft Visual Studio Solution File, Format Version 12.00
Project("{FAE04EC0-301F-11D3-BF4B-00C04F79EFBC}") = "Assignment1DNP", "Assignment1DNP\Assignment1DNP.csproj", "{0E807E2B-AF01-4CD0-8F0F-68E58B48B25A}"
EndProject
Global
	GlobalSection(SolutionConfigurationPlatforms) = preSolution
		Debug|Any CPU = Debug|Any CPU
		Release|Any CPU = Release|Any CPU
	EndGlobalSection
	GlobalSection(ProjectConfigurationPlatforms) = postSolution
		{0E807E2B-AF01-4CD0-8F0F-68E58B48B25A}.Debug|Any CPU.ActiveCfg = Debug|Any CPU
		{0E807E2B-AF01-4CD0-8F0F-68E58B48B25A}.Debug|Any CPU.Build.0 = Debug|Any CPU
		{0E807E2B-AF01-4CD0-8F0F-68E58B48B25A}.Release|Any CPU.ActiveCfg = Release|Any CPU
		{0E807E2B-AF01-4CD0-8F0F-68E58B48B25A}.Release|Any CPU.Build.0 = Release|Any CPU
	EndGlobalSection
EndGlobal
